
Microsoft Visual Studio Solution File, Format Version 12.00
# Visual Studio Version 17
VisualStudioVersion = 17.11.35327.3
MinimumVisualStudioVersion = 10.0.40219.1
Project("{FAE04EC0-301F-11D3-BF4B-00C04F79EFBC}") = "Odev3-Soru7", "Odev3-Soru7.csproj", "{489680DC-BAD1-40FA-8253-6719E4A06876}"
EndProject
Global
	GlobalSection(SolutionConfigurationPlatforms) = preSolution
		Debug|Any CPU = Debug|Any CPU
		Release|Any CPU = Release|Any CPU
	EndGlobalSection
	GlobalSection(ProjectConfigurationPlatforms) = postSolution
		{489680DC-BAD1-40FA-8253-6719E4A06876}.Debug|Any CPU.ActiveCfg = Debug|Any CPU
		{489680DC-BAD1-40FA-8253-6719E4A06876}.Debug|Any CPU.Build.0 = Debug|Any CPU
		{489680DC-BAD1-40FA-8253-6719E4A06876}.Release|Any CPU.ActiveCfg = Release|Any CPU
		{489680DC-BAD1-40FA-8253-6719E4A06876}.Release|Any CPU.Build.0 = Release|Any CPU
	EndGlobalSection
	GlobalSection(SolutionProperties) = preSolution
		HideSolutionNode = FALSE
	EndGlobalSection
	GlobalSection(ExtensibilityGlobals) = postSolution
		SolutionGuid = {0927EBFE-B871-4DAA-91D5-2925FDAC5DCA}
	EndGlobalSection
EndGlobal
